{
  "version": 4,
  "terraform_version": "1.11.4",
  "serial": 1,
  "lineage": "876d7e3f-2440-fabd-4f3a-a95a5f4b738a",
  "outputs": {},
  "resources": [
    {
      "mode": "managed",
      "type": "aws_key_pair",
      "name": "KP",
      "provider": "provider[\"registry.terraform.io/hashicorp/aws\"]",
      "instances": [
        {
          "schema_version": 1,
          "attributes": {
            "arn": "arn:aws:ec2:eu-north-1:148761667844:key-pair/local -from locals",
            "fingerprint": "l7lUF6C3AdPKGRTc28VQGNhpue6xY0adK4V6tUR97D8=",
            "id": "local -from locals",
            "key_name": "local -from locals",
            "key_name_prefix": "",
            "key_pair_id": "key-0775d76ac60a88ad8",
            "key_type": "ed25519",
            "public_key": "ssh-ed25519 AAAAC3NzaC1lZDI1NTE5AAAAIGvTGD/XmscfWiDEdOdiQOZCIoU00i6aWxZoUvmCvp7z Pavan@DESKTOP-O1EICG3",
            "tags": null,
            "tags_all": {}
          },
          "sensitive_attributes": [],
          "private": "eyJzY2hlbWFfdmVyc2lvbiI6IjEifQ=="
        }
      ]
    }
  ],
  "check_results": null
}
